
Microsoft Visual Studio Solution File, Format Version 12.00
# Visual Studio Version 17
VisualStudioVersion = 17.14.37111.16 d17.14
MinimumVisualStudioVersion = 10.0.40219.1
Project("{FAE04EC0-301F-11D3-BF4B-00C04F79EFBC}") = "St10474357-Part3-POE", "St10474357-Part3-POE.csproj", "{3835EA89-00F1-4CA9-970B-DCAB5822C6E8}"
EndProject
Global
	GlobalSection(SolutionConfigurationPlatforms) = preSolution
		Debug|Any CPU = Debug|Any CPU
		Release|Any CPU = Release|Any CPU
	EndGlobalSection
	GlobalSection(ProjectConfigurationPlatforms) = postSolution
		{3835EA89-00F1-4CA9-970B-DCAB5822C6E8}.Debug|Any CPU.ActiveCfg = Debug|Any CPU
		{3835EA89-00F1-4CA9-970B-DCAB5822C6E8}.Debug|Any CPU.Build.0 = Debug|Any CPU
		{3835EA89-00F1-4CA9-970B-DCAB5822C6E8}.Release|Any CPU.ActiveCfg = Release|Any CPU
		{3835EA89-00F1-4CA9-970B-DCAB5822C6E8}.Release|Any CPU.Build.0 = Release|Any CPU
	EndGlobalSection
	GlobalSection(SolutionProperties) = preSolution
		HideSolutionNode = FALSE
	EndGlobalSection
	GlobalSection(ExtensibilityGlobals) = postSolution
		SolutionGuid = {CDACC0F9-D6FC-4533-AEB2-1754E4A4599F}
	EndGlobalSection
EndGlobal
